
Microsoft Visual Studio Solution File, Format Version 12.00
# Visual Studio Version 17
VisualStudioVersion = 17.5.33424.131
MinimumVisualStudioVersion = 10.0.40219.1
Project("{FAE04EC0-301F-11D3-BF4B-00C04F79EFBC}") = "team", "team.csproj", "{67AECC04-6B7C-41B8-8A04-7EB86D08F047}"
EndProject
Global
	GlobalSection(SolutionConfigurationPlatforms) = preSolution
		Debug|Any CPU = Debug|Any CPU
		Release|Any CPU = Release|Any CPU
	EndGlobalSection
	GlobalSection(ProjectConfigurationPlatforms) = postSolution
		{67AECC04-6B7C-41B8-8A04-7EB86D08F047}.Debug|Any CPU.ActiveCfg = Debug|Any CPU
		{67AECC04-6B7C-41B8-8A04-7EB86D08F047}.Debug|Any CPU.Build.0 = Debug|Any CPU
		{67AECC04-6B7C-41B8-8A04-7EB86D08F047}.Release|Any CPU.ActiveCfg = Release|Any CPU
		{67AECC04-6B7C-41B8-8A04-7EB86D08F047}.Release|Any CPU.Build.0 = Release|Any CPU
	EndGlobalSection
	GlobalSection(SolutionProperties) = preSolution
		HideSolutionNode = FALSE
	EndGlobalSection
	GlobalSection(ExtensibilityGlobals) = postSolution
		SolutionGuid = {EC9BCDAB-1594-492F-BE3A-1BCDCF98A7BF}
	EndGlobalSection
EndGlobal
